
Microsoft Visual Studio Solution File, Format Version 12.00
# Visual Studio Version 16
VisualStudioVersion = 16.0.29613.14
MinimumVisualStudioVersion = 10.0.40219.1
Project("{FAE04EC0-301F-11D3-BF4B-00C04F79EFBC}") = "git test", "git test\git test.csproj", "{AE50EA9F-5B9D-4BB2-89F7-80B06ACAB2B7}"
EndProject
Global
	GlobalSection(SolutionConfigurationPlatforms) = preSolution
		Debug|Any CPU = Debug|Any CPU
		Release|Any CPU = Release|Any CPU
	EndGlobalSection
	GlobalSection(ProjectConfigurationPlatforms) = postSolution
		{AE50EA9F-5B9D-4BB2-89F7-80B06ACAB2B7}.Debug|Any CPU.ActiveCfg = Debug|Any CPU
		{AE50EA9F-5B9D-4BB2-89F7-80B06ACAB2B7}.Debug|Any CPU.Build.0 = Debug|Any CPU
		{AE50EA9F-5B9D-4BB2-89F7-80B06ACAB2B7}.Release|Any CPU.ActiveCfg = Release|Any CPU
		{AE50EA9F-5B9D-4BB2-89F7-80B06ACAB2B7}.Release|Any CPU.Build.0 = Release|Any CPU
	EndGlobalSection
	GlobalSection(SolutionProperties) = preSolution
		HideSolutionNode = FALSE
	EndGlobalSection
	GlobalSection(ExtensibilityGlobals) = postSolution
		SolutionGuid = {3921D263-75F0-43C2-BC69-4017A5B1243C}
	EndGlobalSection
EndGlobal
